
Microsoft Visual Studio Solution File, Format Version 12.00
Project("{FAE04EC0-301F-11D3-BF4B-00C04F79EFBC}") = "WebApplicationAPI.IU", "WebApplicationAPI.IU\WebApplicationAPI.IU.csproj", "{DC767AE7-7674-42E8-8CB8-F398E6C49F3D}"
EndProject
Project("{FAE04EC0-301F-11D3-BF4B-00C04F79EFBC}") = "WebApplicationAPITest", "WebApplicationAPITest\WebApplicationAPITest.csproj", "{18ADCA77-6091-4B66-A64B-FADEA20B53AB}"
EndProject
Project("{2150E333-8FDC-42A3-9474-1A3956D46DE8}") = "Tests", "Tests", "{DA927807-4502-44F6-9664-62023DD88437}"
EndProject
Project("{2150E333-8FDC-42A3-9474-1A3956D46DE8}") = "Libs", "Libs", "{92954E70-00EB-41E3-82FC-EDB8227670ED}"
EndProject
Project("{FAE04EC0-301F-11D3-BF4B-00C04F79EFBC}") = "WebApplicationAPICore.Recipies.Domain", "WebApplicationAPICore.Recipies.Domain\WebApplicationAPICore.Recipies.Domain.csproj", "{B3F06F65-7FB0-4C9A-845C-C550440F03D0}"
EndProject
Project("{FAE04EC0-301F-11D3-BF4B-00C04F79EFBC}") = "WebApplicationAPICore.Recipies.Infrastructure", "WebApplicationAPICore.Recipies.Infrastructure\WebApplicationAPICore.Recipies.Infrastructure.csproj", "{D4A4E0AB-BF7E-4EDB-A420-CF659A56B520}"
EndProject
Project("{FAE04EC0-301F-11D3-BF4B-00C04F79EFBC}") = "WebApplicationAPI.Core.Framework", "WebApplicationAPI.Core.Framework\WebApplicationAPI.Core.Framework.csproj", "{60D777D7-FB24-42BB-B384-75F1EFBC5E6F}"
EndProject
Global
	GlobalSection(SolutionConfigurationPlatforms) = preSolution
		Debug|Any CPU = Debug|Any CPU
		Release|Any CPU = Release|Any CPU
	EndGlobalSection
	GlobalSection(ProjectConfigurationPlatforms) = postSolution
		{DC767AE7-7674-42E8-8CB8-F398E6C49F3D}.Debug|Any CPU.ActiveCfg = Debug|Any CPU
		{DC767AE7-7674-42E8-8CB8-F398E6C49F3D}.Debug|Any CPU.Build.0 = Debug|Any CPU
		{DC767AE7-7674-42E8-8CB8-F398E6C49F3D}.Release|Any CPU.ActiveCfg = Release|Any CPU
		{DC767AE7-7674-42E8-8CB8-F398E6C49F3D}.Release|Any CPU.Build.0 = Release|Any CPU
		{18ADCA77-6091-4B66-A64B-FADEA20B53AB}.Debug|Any CPU.ActiveCfg = Debug|Any CPU
		{18ADCA77-6091-4B66-A64B-FADEA20B53AB}.Debug|Any CPU.Build.0 = Debug|Any CPU
		{18ADCA77-6091-4B66-A64B-FADEA20B53AB}.Release|Any CPU.ActiveCfg = Release|Any CPU
		{18ADCA77-6091-4B66-A64B-FADEA20B53AB}.Release|Any CPU.Build.0 = Release|Any CPU
		{B3F06F65-7FB0-4C9A-845C-C550440F03D0}.Debug|Any CPU.ActiveCfg = Debug|Any CPU
		{B3F06F65-7FB0-4C9A-845C-C550440F03D0}.Debug|Any CPU.Build.0 = Debug|Any CPU
		{B3F06F65-7FB0-4C9A-845C-C550440F03D0}.Release|Any CPU.ActiveCfg = Release|Any CPU
		{B3F06F65-7FB0-4C9A-845C-C550440F03D0}.Release|Any CPU.Build.0 = Release|Any CPU
		{D4A4E0AB-BF7E-4EDB-A420-CF659A56B520}.Debug|Any CPU.ActiveCfg = Debug|Any CPU
		{D4A4E0AB-BF7E-4EDB-A420-CF659A56B520}.Debug|Any CPU.Build.0 = Debug|Any CPU
		{D4A4E0AB-BF7E-4EDB-A420-CF659A56B520}.Release|Any CPU.ActiveCfg = Release|Any CPU
		{D4A4E0AB-BF7E-4EDB-A420-CF659A56B520}.Release|Any CPU.Build.0 = Release|Any CPU
		{60D777D7-FB24-42BB-B384-75F1EFBC5E6F}.Debug|Any CPU.ActiveCfg = Debug|Any CPU
		{60D777D7-FB24-42BB-B384-75F1EFBC5E6F}.Debug|Any CPU.Build.0 = Debug|Any CPU
		{60D777D7-FB24-42BB-B384-75F1EFBC5E6F}.Release|Any CPU.ActiveCfg = Release|Any CPU
		{60D777D7-FB24-42BB-B384-75F1EFBC5E6F}.Release|Any CPU.Build.0 = Release|Any CPU
	EndGlobalSection
	GlobalSection(NestedProjects) = preSolution
		{18ADCA77-6091-4B66-A64B-FADEA20B53AB} = {DA927807-4502-44F6-9664-62023DD88437}
		{B3F06F65-7FB0-4C9A-845C-C550440F03D0} = {92954E70-00EB-41E3-82FC-EDB8227670ED}
		{D4A4E0AB-BF7E-4EDB-A420-CF659A56B520} = {92954E70-00EB-41E3-82FC-EDB8227670ED}
		{60D777D7-FB24-42BB-B384-75F1EFBC5E6F} = {92954E70-00EB-41E3-82FC-EDB8227670ED}
	EndGlobalSection
EndGlobal
